
Microsoft Visual Studio Solution File, Format Version 12.00
# Visual Studio Version 16
VisualStudioVersion = 16.0.30621.155
MinimumVisualStudioVersion = 10.0.40219.1
Project("{FAE04EC0-301F-11D3-BF4B-00C04F79EFBC}") = "QuickSort", "QuickSort.csproj", "{1893038A-9C2F-4B61-A269-D8FA8EDC3499}"
EndProject
Global
	GlobalSection(SolutionConfigurationPlatforms) = preSolution
		Debug|Any CPU = Debug|Any CPU
		Release|Any CPU = Release|Any CPU
	EndGlobalSection
	GlobalSection(ProjectConfigurationPlatforms) = postSolution
		{1893038A-9C2F-4B61-A269-D8FA8EDC3499}.Debug|Any CPU.ActiveCfg = Debug|Any CPU
		{1893038A-9C2F-4B61-A269-D8FA8EDC3499}.Debug|Any CPU.Build.0 = Debug|Any CPU
		{1893038A-9C2F-4B61-A269-D8FA8EDC3499}.Release|Any CPU.ActiveCfg = Release|Any CPU
		{1893038A-9C2F-4B61-A269-D8FA8EDC3499}.Release|Any CPU.Build.0 = Release|Any CPU
	EndGlobalSection
	GlobalSection(SolutionProperties) = preSolution
		HideSolutionNode = FALSE
	EndGlobalSection
	GlobalSection(ExtensibilityGlobals) = postSolution
		SolutionGuid = {888EBE1E-33A7-4120-AAFA-1A4D830F9E4C}
	EndGlobalSection
EndGlobal
