
Microsoft Visual Studio Solution File, Format Version 12.00
# Visual Studio Version 16
VisualStudioVersion = 16.0.31112.23
MinimumVisualStudioVersion = 10.0.40219.1
Project("{FAE04EC0-301F-11D3-BF4B-00C04F79EFBC}") = "重排最大数", "重排最大数.csproj", "{8778693C-3DD5-4D20-894B-DACA8EE60220}"
EndProject
Global
	GlobalSection(SolutionConfigurationPlatforms) = preSolution
		Debug|Any CPU = Debug|Any CPU
		Release|Any CPU = Release|Any CPU
	EndGlobalSection
	GlobalSection(ProjectConfigurationPlatforms) = postSolution
		{8778693C-3DD5-4D20-894B-DACA8EE60220}.Debug|Any CPU.ActiveCfg = Debug|Any CPU
		{8778693C-3DD5-4D20-894B-DACA8EE60220}.Debug|Any CPU.Build.0 = Debug|Any CPU
		{8778693C-3DD5-4D20-894B-DACA8EE60220}.Release|Any CPU.ActiveCfg = Release|Any CPU
		{8778693C-3DD5-4D20-894B-DACA8EE60220}.Release|Any CPU.Build.0 = Release|Any CPU
	EndGlobalSection
	GlobalSection(SolutionProperties) = preSolution
		HideSolutionNode = FALSE
	EndGlobalSection
	GlobalSection(ExtensibilityGlobals) = postSolution
		SolutionGuid = {41E79BEF-4703-462A-8ECF-D8696EDF2D37}
	EndGlobalSection
EndGlobal
