
Microsoft Visual Studio Solution File, Format Version 12.00
# Visual Studio Version 16
VisualStudioVersion = 16.0.31112.23
MinimumVisualStudioVersion = 10.0.40219.1
Project("{FAE04EC0-301F-11D3-BF4B-00C04F79EFBC}") = "无重复字符的最长子串", "无重复字符的最长子串.csproj", "{520F9CD4-D927-4F6A-A362-062F0598277A}"
EndProject
Global
	GlobalSection(SolutionConfigurationPlatforms) = preSolution
		Debug|Any CPU = Debug|Any CPU
		Release|Any CPU = Release|Any CPU
	EndGlobalSection
	GlobalSection(ProjectConfigurationPlatforms) = postSolution
		{520F9CD4-D927-4F6A-A362-062F0598277A}.Debug|Any CPU.ActiveCfg = Debug|Any CPU
		{520F9CD4-D927-4F6A-A362-062F0598277A}.Debug|Any CPU.Build.0 = Debug|Any CPU
		{520F9CD4-D927-4F6A-A362-062F0598277A}.Release|Any CPU.ActiveCfg = Release|Any CPU
		{520F9CD4-D927-4F6A-A362-062F0598277A}.Release|Any CPU.Build.0 = Release|Any CPU
	EndGlobalSection
	GlobalSection(SolutionProperties) = preSolution
		HideSolutionNode = FALSE
	EndGlobalSection
	GlobalSection(ExtensibilityGlobals) = postSolution
		SolutionGuid = {B4BFFF9B-B327-4CB1-BDB3-EAB4BA66F72F}
	EndGlobalSection
EndGlobal
