
Microsoft Visual Studio Solution File, Format Version 12.00
# Visual Studio Version 16
VisualStudioVersion = 16.0.31112.23
MinimumVisualStudioVersion = 10.0.40219.1
Project("{FAE04EC0-301F-11D3-BF4B-00C04F79EFBC}") = "CountingSort", "CountingSort.csproj", "{36BB908F-5153-46CC-BF04-CC9D3AAA9B80}"
EndProject
Global
	GlobalSection(SolutionConfigurationPlatforms) = preSolution
		Debug|Any CPU = Debug|Any CPU
		Release|Any CPU = Release|Any CPU
	EndGlobalSection
	GlobalSection(ProjectConfigurationPlatforms) = postSolution
		{36BB908F-5153-46CC-BF04-CC9D3AAA9B80}.Debug|Any CPU.ActiveCfg = Debug|Any CPU
		{36BB908F-5153-46CC-BF04-CC9D3AAA9B80}.Debug|Any CPU.Build.0 = Debug|Any CPU
		{36BB908F-5153-46CC-BF04-CC9D3AAA9B80}.Release|Any CPU.ActiveCfg = Release|Any CPU
		{36BB908F-5153-46CC-BF04-CC9D3AAA9B80}.Release|Any CPU.Build.0 = Release|Any CPU
	EndGlobalSection
	GlobalSection(SolutionProperties) = preSolution
		HideSolutionNode = FALSE
	EndGlobalSection
	GlobalSection(ExtensibilityGlobals) = postSolution
		SolutionGuid = {C820C696-748E-43DF-8827-5E654A9B0C7C}
	EndGlobalSection
EndGlobal
