
Microsoft Visual Studio Solution File, Format Version 12.00
# Visual Studio Version 16
VisualStudioVersion = 16.0.31112.23
MinimumVisualStudioVersion = 10.0.40219.1
Project("{FAE04EC0-301F-11D3-BF4B-00C04F79EFBC}") = "森林中的兔子", "森林中的兔子.csproj", "{F72459B7-4219-4536-BFA9-68B575578596}"
EndProject
Global
	GlobalSection(SolutionConfigurationPlatforms) = preSolution
		Debug|Any CPU = Debug|Any CPU
		Release|Any CPU = Release|Any CPU
	EndGlobalSection
	GlobalSection(ProjectConfigurationPlatforms) = postSolution
		{F72459B7-4219-4536-BFA9-68B575578596}.Debug|Any CPU.ActiveCfg = Debug|Any CPU
		{F72459B7-4219-4536-BFA9-68B575578596}.Debug|Any CPU.Build.0 = Debug|Any CPU
		{F72459B7-4219-4536-BFA9-68B575578596}.Release|Any CPU.ActiveCfg = Release|Any CPU
		{F72459B7-4219-4536-BFA9-68B575578596}.Release|Any CPU.Build.0 = Release|Any CPU
	EndGlobalSection
	GlobalSection(SolutionProperties) = preSolution
		HideSolutionNode = FALSE
	EndGlobalSection
	GlobalSection(ExtensibilityGlobals) = postSolution
		SolutionGuid = {F474F7FF-7A26-49B6-A859-F87EAC2F48CF}
	EndGlobalSection
EndGlobal
