
Microsoft Visual Studio Solution File, Format Version 12.00
# Visual Studio Version 16
VisualStudioVersion = 16.0.30621.155
MinimumVisualStudioVersion = 10.0.40219.1
Project("{FAE04EC0-301F-11D3-BF4B-00C04F79EFBC}") = "删除有序数组中的重复项", "删除有序数组中的重复项.csproj", "{1F449177-ED87-4BA5-8C8C-01356FF7A60F}"
EndProject
Global
	GlobalSection(SolutionConfigurationPlatforms) = preSolution
		Debug|Any CPU = Debug|Any CPU
		Release|Any CPU = Release|Any CPU
	EndGlobalSection
	GlobalSection(ProjectConfigurationPlatforms) = postSolution
		{1F449177-ED87-4BA5-8C8C-01356FF7A60F}.Debug|Any CPU.ActiveCfg = Debug|Any CPU
		{1F449177-ED87-4BA5-8C8C-01356FF7A60F}.Debug|Any CPU.Build.0 = Debug|Any CPU
		{1F449177-ED87-4BA5-8C8C-01356FF7A60F}.Release|Any CPU.ActiveCfg = Release|Any CPU
		{1F449177-ED87-4BA5-8C8C-01356FF7A60F}.Release|Any CPU.Build.0 = Release|Any CPU
	EndGlobalSection
	GlobalSection(SolutionProperties) = preSolution
		HideSolutionNode = FALSE
	EndGlobalSection
	GlobalSection(ExtensibilityGlobals) = postSolution
		SolutionGuid = {FC0B58BA-4CB7-4943-8378-91B24FA0C3F8}
	EndGlobalSection
EndGlobal
