
Microsoft Visual Studio Solution File, Format Version 12.00
# Visual Studio Version 16
VisualStudioVersion = 16.0.31112.23
MinimumVisualStudioVersion = 10.0.40219.1
Project("{FAE04EC0-301F-11D3-BF4B-00C04F79EFBC}") = "水平线贪心", "水平线贪心.csproj", "{0C7F5E8F-55FC-4B12-913B-719B597BAE2C}"
EndProject
Global
	GlobalSection(SolutionConfigurationPlatforms) = preSolution
		Debug|Any CPU = Debug|Any CPU
		Release|Any CPU = Release|Any CPU
	EndGlobalSection
	GlobalSection(ProjectConfigurationPlatforms) = postSolution
		{0C7F5E8F-55FC-4B12-913B-719B597BAE2C}.Debug|Any CPU.ActiveCfg = Debug|Any CPU
		{0C7F5E8F-55FC-4B12-913B-719B597BAE2C}.Debug|Any CPU.Build.0 = Debug|Any CPU
		{0C7F5E8F-55FC-4B12-913B-719B597BAE2C}.Release|Any CPU.ActiveCfg = Release|Any CPU
		{0C7F5E8F-55FC-4B12-913B-719B597BAE2C}.Release|Any CPU.Build.0 = Release|Any CPU
	EndGlobalSection
	GlobalSection(SolutionProperties) = preSolution
		HideSolutionNode = FALSE
	EndGlobalSection
	GlobalSection(ExtensibilityGlobals) = postSolution
		SolutionGuid = {E4C77275-1903-42CC-B8D5-EEDA6CF3E0C0}
	EndGlobalSection
EndGlobal
