
Microsoft Visual Studio Solution File, Format Version 12.00
# Visual Studio Version 16
VisualStudioVersion = 16.0.31112.23
MinimumVisualStudioVersion = 10.0.40219.1
Project("{FAE04EC0-301F-11D3-BF4B-00C04F79EFBC}") = "ExportConfig", "ExportConfig.csproj", "{A9F3639C-D6CF-4B9D-AF64-8BAC8ED3B38E}"
EndProject
Global
	GlobalSection(SolutionConfigurationPlatforms) = preSolution
		Debug|Any CPU = Debug|Any CPU
		Release|Any CPU = Release|Any CPU
	EndGlobalSection
	GlobalSection(ProjectConfigurationPlatforms) = postSolution
		{A9F3639C-D6CF-4B9D-AF64-8BAC8ED3B38E}.Debug|Any CPU.ActiveCfg = Debug|Any CPU
		{A9F3639C-D6CF-4B9D-AF64-8BAC8ED3B38E}.Debug|Any CPU.Build.0 = Debug|Any CPU
		{A9F3639C-D6CF-4B9D-AF64-8BAC8ED3B38E}.Release|Any CPU.ActiveCfg = Release|Any CPU
		{A9F3639C-D6CF-4B9D-AF64-8BAC8ED3B38E}.Release|Any CPU.Build.0 = Release|Any CPU
	EndGlobalSection
	GlobalSection(SolutionProperties) = preSolution
		HideSolutionNode = FALSE
	EndGlobalSection
	GlobalSection(ExtensibilityGlobals) = postSolution
		SolutionGuid = {1E9604FE-0B1D-4AAA-B12B-67C56E19F25F}
	EndGlobalSection
EndGlobal
